# This file is generated by running "yarn install" inside your project.
# Manual changes might be lost - proceed with caution!

__metadata:
  version: 5
  cacheKey: 8

"@apex/atlas@workspace:.":
  version: 0.0.0-use.local
  resolution: "@apex/atlas@workspace:."
  dependencies:
    "@astriel-division/ts-config": 1.0.7
    "@augu/lilith": ^5.3.3
    "@types/convict": 6.1.1
    "@types/node": 16.11.11
    convict: ^6.2.1
    fastify: ^3.24.1
    mongoose: ^6.0.14
    nanoid: ^3.1.30
    reflect-metadata: ^0.1.13
    tslog: ^3.3.0
    typescript: 4.5.2
  languageName: unknown
  linkType: soft

"@astriel-division/ts-config@npm:1.0.7":
  version: 1.0.7
  resolution: "@astriel-division/ts-config@npm:1.0.7"
  dependencies:
    tslib: 2.3.1
    typescript: 4.4.4
  checksum: b125fbc1c225dd3dcc795d9c9a0d4da17b29b595632b5401382a69a5c389e5ab2d106bfed2b03bf8817a665d44dfe5c08c6047cb9750c6f9445b23d545b0a51f
  languageName: node
  linkType: hard

"@augu/collections@npm:1.1.0":
  version: 1.1.0
  resolution: "@augu/collections@npm:1.1.0"
  checksum: 896f96c467bed7167f17092fa365c42d9923e52315cc546233c45cbd73785fe1eb63ebd0271e0d1182a467fbda83f58387a86c0566903147191654a54e60569c
  languageName: node
  linkType: hard

"@augu/lilith@npm:^5.3.3":
  version: 5.3.3
  resolution: "@augu/lilith@npm:5.3.3"
  dependencies:
    "@augu/collections": 1.1.0
    "@augu/utils": 1.5.5
    reflect-metadata: 0.1.13
  checksum: 4f8da3829e4311b4cffe537b837dd8f942e2574cbf0ca892960e4ecf5e949dd3f42aef63377faa57a3ad400e9f2f315ca3fe80df9f2aaa0636d428b4b3a7cbda
  languageName: node
  linkType: hard

"@augu/utils@npm:1.5.5":
  version: 1.5.5
  resolution: "@augu/utils@npm:1.5.5"
  checksum: c4891d385dfb0f8f2607b9257f835dc8e9508c02e3583acdebcbd5c89f8e0c6e3435666f780e9204ffd0b358b57302a586ba940a83d346628daaf3bcd771ee66
  languageName: node
  linkType: hard

"@fastify/ajv-compiler@npm:^1.0.0":
  version: 1.1.0
  resolution: "@fastify/ajv-compiler@npm:1.1.0"
  dependencies:
    ajv: ^6.12.6
  checksum: b8a2522ead00a01ab7ff2921f00aa8e4aeb943949191ce2a617c88e4679db1358a70e4099791828a397a50e5d6f6bd75184ad0ac75a12dffeb9df4c089986a32
  languageName: node
  linkType: hard

"@types/convict@npm:6.1.1":
  version: 6.1.1
  resolution: "@types/convict@npm:6.1.1"
  dependencies:
    "@types/node": "*"
  checksum: 0150048098eec1ff0df5d04e77fd44ff0fa8e732cc5d5e43a2fe603b2d3f05c9f1e369977a109844b8b449b096818c017737b166ccb52b569161642d884e17d2
  languageName: node
  linkType: hard

"@types/node@npm:*, @types/node@npm:16.11.11":
  version: 16.11.11
  resolution: "@types/node@npm:16.11.11"
  checksum: 1c472bd63f23ca0e4effc96e6e0c693b83b027f613a1f41b6d1bd7791f65ce171a351e0a5c92575cb59e84ad0a930875397bfbbb91a7c925ddbbb558f7461af8
  languageName: node
  linkType: hard

"@types/webidl-conversions@npm:*":
  version: 6.1.1
  resolution: "@types/webidl-conversions@npm:6.1.1"
  checksum: bd0faad4dfec232010d96a42fbd7b5ac4df557899050a6676a75d30ced8553f19e5a3c747fd2b4317f2810d4cf5d2d6dd47ad22ecfb9e6b21119aba678b8897f
  languageName: node
  linkType: hard

"@types/whatwg-url@npm:^8.2.1":
  version: 8.2.1
  resolution: "@types/whatwg-url@npm:8.2.1"
  dependencies:
    "@types/node": "*"
    "@types/webidl-conversions": "*"
  checksum: 975987a9ca14a8d5a883523acb4fa0df7760cd8ca8dee56cd57753821e56060bfbead94df84f4504fe0b4270776d81cbb40fcd1f8643dab86da3a9abe926fb5c
  languageName: node
  linkType: hard

"abstract-logging@npm:^2.0.0":
  version: 2.0.1
  resolution: "abstract-logging@npm:2.0.1"
  checksum: 6967d15e5abbafd17f56eaf30ba8278c99333586fa4f7935fd80e93cfdc006c37fcc819c5d63ee373a12e6cb2d0417f7c3c6b9e42b957a25af9937d26749415e
  languageName: node
  linkType: hard

"ajv@npm:^6.11.0, ajv@npm:^6.12.6":
  version: 6.12.6
  resolution: "ajv@npm:6.12.6"
  dependencies:
    fast-deep-equal: ^3.1.1
    fast-json-stable-stringify: ^2.0.0
    json-schema-traverse: ^0.4.1
    uri-js: ^4.2.2
  checksum: 874972efe5c4202ab0a68379481fbd3d1b5d0a7bd6d3cc21d40d3536ebff3352a2a1fabb632d4fd2cc7fe4cbdcd5ed6782084c9bbf7f32a1536d18f9da5007d4
  languageName: node
  linkType: hard

"ajv@npm:^8.1.0":
  version: 8.8.2
  resolution: "ajv@npm:8.8.2"
  dependencies:
    fast-deep-equal: ^3.1.1
    json-schema-traverse: ^1.0.0
    require-from-string: ^2.0.2
    uri-js: ^4.2.2
  checksum: 90849ef03c4f4f7051d15f655120137b89e3205537d683beebd39d95f40c0ca00ea8476cd999602d2f433863e7e4bf1b81d1869d1e07f4dcf56d71b6430a605c
  languageName: node
  linkType: hard

"archy@npm:^1.0.0":
  version: 1.0.0
  resolution: "archy@npm:1.0.0"
  checksum: 504ae7af655130bab9f471343cfdb054feaec7d8e300e13348bc9fe9e660f83d422e473069584f73233c701ae37d1c8452ff2522f2a20c38849e0f406f1732ac
  languageName: node
  linkType: hard

"atomic-sleep@npm:^1.0.0":
  version: 1.0.0
  resolution: "atomic-sleep@npm:1.0.0"
  checksum: b95275afb2f80732f22f43a60178430c468906a415a7ff18bcd0feeebc8eec3930b51250aeda91a476062a90e07132b43a1794e8d8ffcf9b650e8139be75fa36
  languageName: node
  linkType: hard

"avvio@npm:^7.1.2":
  version: 7.2.2
  resolution: "avvio@npm:7.2.2"
  dependencies:
    archy: ^1.0.0
    debug: ^4.0.0
    fastq: ^1.6.1
    queue-microtask: ^1.1.2
  checksum: ece793dd148dbb50e24f40dacf4852b804405fc1cd34ce794659ffc020c6de41695d87999edc0bb2573c802eaa7766493859dbc432d5dc0079381f318c2705a1
  languageName: node
  linkType: hard

"base64-js@npm:^1.3.1":
  version: 1.5.1
  resolution: "base64-js@npm:1.5.1"
  checksum: 669632eb3745404c2f822a18fc3a0122d2f9a7a13f7fb8b5823ee19d1d2ff9ee5b52c53367176ea4ad093c332fd5ab4bd0ebae5a8e27917a4105a4cfc86b1005
  languageName: node
  linkType: hard

"bson@npm:^4.2.2, bson@npm:^4.5.4":
  version: 4.6.0
  resolution: "bson@npm:4.6.0"
  dependencies:
    buffer: ^5.6.0
  checksum: d38ca1b6c581d8667137c62258f22c0076575879c77f278c08282721844166afc0538d9fb4942976bb320a2e3dec3ddfae57b7ad52845bf7464bf997d3fdc5a2
  languageName: node
  linkType: hard

"buffer-from@npm:^1.0.0":
  version: 1.1.2
  resolution: "buffer-from@npm:1.1.2"
  checksum: 0448524a562b37d4d7ed9efd91685a5b77a50672c556ea254ac9a6d30e3403a517d8981f10e565db24e8339413b43c97ca2951f10e399c6125a0d8911f5679bb
  languageName: node
  linkType: hard

"buffer@npm:^5.6.0":
  version: 5.7.1
  resolution: "buffer@npm:5.7.1"
  dependencies:
    base64-js: ^1.3.1
    ieee754: ^1.1.13
  checksum: e2cf8429e1c4c7b8cbd30834ac09bd61da46ce35f5c22a78e6c2f04497d6d25541b16881e30a019c6fd3154150650ccee27a308eff3e26229d788bbdeb08ab84
  languageName: node
  linkType: hard

"convict@npm:^6.2.1":
  version: 6.2.1
  resolution: "convict@npm:6.2.1"
  dependencies:
    lodash.clonedeep: ^4.5.0
    yargs-parser: ^20.2.7
  checksum: b363d5844cc044041e95ac01fa245444919c8e9a3114ee6cf61e2c6c5d8318891d2b4b7ecc9d9153829ddba35f4da12274da23ae4ca72623cba741ffb7d099ac
  languageName: node
  linkType: hard

"cookie@npm:^0.4.0":
  version: 0.4.1
  resolution: "cookie@npm:0.4.1"
  checksum: bd7c47f5d94ab70ccdfe8210cde7d725880d2fcda06d8e375afbdd82de0c8d3b73541996e9ce57d35f67f672c4ee6d60208adec06b3c5fc94cebb85196084cf8
  languageName: node
  linkType: hard

"debug@npm:4.x, debug@npm:^4.0.0":
  version: 4.3.3
  resolution: "debug@npm:4.3.3"
  dependencies:
    ms: 2.1.2
  peerDependenciesMeta:
    supports-color:
      optional: true
  checksum: 14472d56fe4a94dbcfaa6dbed2dd3849f1d72ba78104a1a328047bb564643ca49df0224c3a17fa63533fd11dd3d4c8636cd861191232a2c6735af00cc2d4de16
  languageName: node
  linkType: hard

"deepmerge@npm:^4.2.2":
  version: 4.2.2
  resolution: "deepmerge@npm:4.2.2"
  checksum: a8c43a1ed8d6d1ed2b5bf569fa4c8eb9f0924034baf75d5d406e47e157a451075c4db353efea7b6bcc56ec48116a8ce72fccf867b6e078e7c561904b5897530b
  languageName: node
  linkType: hard

"denque@npm:^2.0.1":
  version: 2.0.1
  resolution: "denque@npm:2.0.1"
  checksum: ec398d1e3c6c8d4f5213dcf9ad74d7faa3b461e29a0019c9742b49a97ac5e16aa7134db45fa9d841e318e7722dd1ba670a474fde9a5b0d870b3a5fc6fe914c30
  languageName: node
  linkType: hard

"fast-decode-uri-component@npm:^1.0.1":
  version: 1.0.1
  resolution: "fast-decode-uri-component@npm:1.0.1"
  checksum: 427a48fe0907e76f0e9a2c228e253b4d8a8ab21d130ee9e4bb8339c5ba4086235cf9576831f7b20955a752eae4b525a177ff9d5825dd8d416e7726939194fbee
  languageName: node
  linkType: hard

"fast-deep-equal@npm:^3.1.1, fast-deep-equal@npm:^3.1.3":
  version: 3.1.3
  resolution: "fast-deep-equal@npm:3.1.3"
  checksum: e21a9d8d84f53493b6aa15efc9cfd53dd5b714a1f23f67fb5dc8f574af80df889b3bce25dc081887c6d25457cce704e636395333abad896ccdec03abaf1f3f9d
  languageName: node
  linkType: hard

"fast-json-stable-stringify@npm:^2.0.0":
  version: 2.1.0
  resolution: "fast-json-stable-stringify@npm:2.1.0"
  checksum: b191531e36c607977e5b1c47811158733c34ccb3bfde92c44798929e9b4154884378536d26ad90dfecd32e1ffc09c545d23535ad91b3161a27ddbb8ebe0cbecb
  languageName: node
  linkType: hard

"fast-json-stringify@npm:^2.5.2":
  version: 2.7.12
  resolution: "fast-json-stringify@npm:2.7.12"
  dependencies:
    ajv: ^6.11.0
    deepmerge: ^4.2.2
    rfdc: ^1.2.0
    string-similarity: ^4.0.1
  checksum: d091ae84f96d00dde090a6b48788a17e48f14888995ab105f018d14e8195eeecbf693a368051b51163d2dc909bac0d09facd7f73e81239cef951a6cc3640b22e
  languageName: node
  linkType: hard

"fast-redact@npm:^3.0.0":
  version: 3.0.2
  resolution: "fast-redact@npm:3.0.2"
  checksum: f4ffdf48f1647dbe0411884e5dca85ebef0762d1ce1937f6779beaea5c83ef7c35416d800b2bff60f1a252b670d1707f9484c9a5d0ef721e68f3dae94b420fa8
  languageName: node
  linkType: hard

"fast-safe-stringify@npm:^2.0.8":
  version: 2.1.1
  resolution: "fast-safe-stringify@npm:2.1.1"
  checksum: a851cbddc451745662f8f00ddb622d6766f9bd97642dabfd9a405fb0d646d69fc0b9a1243cbf67f5f18a39f40f6fa821737651ff1bceeba06c9992ca2dc5bd3d
  languageName: node
  linkType: hard

"fastify-error@npm:^0.3.0":
  version: 0.3.1
  resolution: "fastify-error@npm:0.3.1"
  checksum: fd6a0f6f87b5e4ab59a4d3d66124bd13830a1cf85cf1987259dfb1175fc6a4bcae68b076ad78f6bb06654f72af133b44813090e9ce5502d2ef56ddcb2b0fa867
  languageName: node
  linkType: hard

"fastify-warning@npm:^0.2.0":
  version: 0.2.0
  resolution: "fastify-warning@npm:0.2.0"
  checksum: c19ebccf54a3122877d2248400772ca98bacbabdf97826211ede29246c640d47431a2eebed1f52f9421139ed5e52e42d3bd4aefc46e27b6f34add3507529fd97
  languageName: node
  linkType: hard

"fastify@npm:^3.24.1":
  version: 3.24.1
  resolution: "fastify@npm:3.24.1"
  dependencies:
    "@fastify/ajv-compiler": ^1.0.0
    abstract-logging: ^2.0.0
    avvio: ^7.1.2
    fast-json-stringify: ^2.5.2
    fastify-error: ^0.3.0
    fastify-warning: ^0.2.0
    find-my-way: ^4.1.0
    flatstr: ^1.0.12
    light-my-request: ^4.2.0
    pino: ^6.13.0
    proxy-addr: ^2.0.7
    rfdc: ^1.1.4
    secure-json-parse: ^2.0.0
    semver: ^7.3.2
    tiny-lru: ^7.0.0
  checksum: d73cd0398989d51df53c892ce5eac3a9e2c194aff7df8b557e8efa95093afca3cf7c9b9cc926249554272d94ff764722272ee0d37dd3f858b728106612a83fe7
  languageName: node
  linkType: hard

"fastq@npm:^1.6.1":
  version: 1.13.0
  resolution: "fastq@npm:1.13.0"
  dependencies:
    reusify: ^1.0.4
  checksum: 32cf15c29afe622af187d12fc9cd93e160a0cb7c31a3bb6ace86b7dea3b28e7b72acde89c882663f307b2184e14782c6c664fa315973c03626c7d4bff070bb0b
  languageName: node
  linkType: hard

"find-my-way@npm:^4.1.0":
  version: 4.4.0
  resolution: "find-my-way@npm:4.4.0"
  dependencies:
    fast-decode-uri-component: ^1.0.1
    fast-deep-equal: ^3.1.3
    safe-regex2: ^2.0.0
    semver-store: ^0.3.0
  checksum: ec09b9af8f88b8bd0d0dc456be16e2db997dae8ed9d9a1989abd025e4f87f0e8acb0aaf228061f093e22c2b0f14cf43417300a7d32640eb908445b683b3541c6
  languageName: node
  linkType: hard

"flatstr@npm:^1.0.12":
  version: 1.0.12
  resolution: "flatstr@npm:1.0.12"
  checksum: e1bb562c94b119e958bf37e55738b172b5f8aaae6532b9660ecd877779f8559dbbc89613ba6b29ccc13447e14c59277d41450f785cf75c30df9fce62f459e9a8
  languageName: node
  linkType: hard

"forwarded@npm:0.2.0":
  version: 0.2.0
  resolution: "forwarded@npm:0.2.0"
  checksum: fd27e2394d8887ebd16a66ffc889dc983fbbd797d5d3f01087c020283c0f019a7d05ee85669383d8e0d216b116d720fc0cef2f6e9b7eb9f4c90c6e0bc7fd28e6
  languageName: node
  linkType: hard

"ieee754@npm:^1.1.13":
  version: 1.2.1
  resolution: "ieee754@npm:1.2.1"
  checksum: 5144c0c9815e54ada181d80a0b810221a253562422e7c6c3a60b1901154184f49326ec239d618c416c1c5945a2e197107aee8d986a3dd836b53dffefd99b5e7e
  languageName: node
  linkType: hard

"ipaddr.js@npm:1.9.1":
  version: 1.9.1
  resolution: "ipaddr.js@npm:1.9.1"
  checksum: f88d3825981486f5a1942414c8d77dd6674dd71c065adcfa46f578d677edcb99fda25af42675cb59db492fdf427b34a5abfcde3982da11a8fd83a500b41cfe77
  languageName: node
  linkType: hard

"json-schema-traverse@npm:^0.4.1":
  version: 0.4.1
  resolution: "json-schema-traverse@npm:0.4.1"
  checksum: 7486074d3ba247769fda17d5181b345c9fb7d12e0da98b22d1d71a5db9698d8b4bd900a3ec1a4ffdd60846fc2556274a5c894d0c48795f14cb03aeae7b55260b
  languageName: node
  linkType: hard

"json-schema-traverse@npm:^1.0.0":
  version: 1.0.0
  resolution: "json-schema-traverse@npm:1.0.0"
  checksum: 02f2f466cdb0362558b2f1fd5e15cce82ef55d60cd7f8fa828cf35ba74330f8d767fcae5c5c2adb7851fa811766c694b9405810879bc4e1ddd78a7c0e03658ad
  languageName: node
  linkType: hard

"kareem@npm:2.3.2":
  version: 2.3.2
  resolution: "kareem@npm:2.3.2"
  checksum: 61ee3adb273e3e999eae731119bd74e40fd01ffef585b4e47756ca29dfc939a03c6a1dd8a43f2a864e599c3716e00404d1812e685b32ec7f9c52d6cedf2f2fcb
  languageName: node
  linkType: hard

"light-my-request@npm:^4.2.0":
  version: 4.7.0
  resolution: "light-my-request@npm:4.7.0"
  dependencies:
    ajv: ^8.1.0
    cookie: ^0.4.0
    fastify-warning: ^0.2.0
    set-cookie-parser: ^2.4.1
  checksum: f49c364fe9a7f56c3f6f284bf7856f77ee9e27da1124573a3104955d0bd5c7a9269ca7472efe7d192d247ea5f137a2ba3fed05a3a70b2febc079eb8701a240db
  languageName: node
  linkType: hard

"lodash.clonedeep@npm:^4.5.0":
  version: 4.5.0
  resolution: "lodash.clonedeep@npm:4.5.0"
  checksum: 92c46f094b064e876a23c97f57f81fbffd5d760bf2d8a1c61d85db6d1e488c66b0384c943abee4f6af7debf5ad4e4282e74ff83177c9e63d8ff081a4837c3489
  languageName: node
  linkType: hard

"lru-cache@npm:^6.0.0":
  version: 6.0.0
  resolution: "lru-cache@npm:6.0.0"
  dependencies:
    yallist: ^4.0.0
  checksum: f97f499f898f23e4585742138a22f22526254fdba6d75d41a1c2526b3b6cc5747ef59c5612ba7375f42aca4f8461950e925ba08c991ead0651b4918b7c978297
  languageName: node
  linkType: hard

"memory-pager@npm:^1.0.2":
  version: 1.5.0
  resolution: "memory-pager@npm:1.5.0"
  checksum: d1a2e684583ef55c61cd3a49101da645b11ad57014dfc565e0b43baa9004b743f7e4ab81493d8fff2ab24e9950987cc3209c94bcc4fc8d7e30a475489a1f15e9
  languageName: node
  linkType: hard

"mongodb-connection-string-url@npm:^2.1.0":
  version: 2.2.0
  resolution: "mongodb-connection-string-url@npm:2.2.0"
  dependencies:
    "@types/whatwg-url": ^8.2.1
    whatwg-url: ^11.0.0
  checksum: 1ebb2235accf0fb9d7916a9e445b8a72f913d7ba613c9ce85d6cffe8d272fef80fd6393847feb6a2fb5de4ccb0f6ae092604315283022459cf1c9582f415a166
  languageName: node
  linkType: hard

"mongodb@npm:4.1.4":
  version: 4.1.4
  resolution: "mongodb@npm:4.1.4"
  dependencies:
    bson: ^4.5.4
    denque: ^2.0.1
    mongodb-connection-string-url: ^2.1.0
    saslprep: ^1.0.3
  dependenciesMeta:
    saslprep:
      optional: true
  checksum: 8d5a3caf349bdf10d0f14ab73f55e3cc194bc9e0f740a3b0e1e089fa721af725e27d2f4916c837013e1ba2561bded9df11253dae4b1c687c341e876a36ff4815
  languageName: node
  linkType: hard

"mongoose@npm:^6.0.14":
  version: 6.0.14
  resolution: "mongoose@npm:6.0.14"
  dependencies:
    bson: ^4.2.2
    kareem: 2.3.2
    mongodb: 4.1.4
    mpath: 0.8.4
    mquery: 4.0.0
    ms: 2.1.2
    regexp-clone: 1.0.0
    sift: 13.5.2
    sliced: 1.0.1
  checksum: 8c54360a2ebcd436466f9b5b3a9a7639db4cf49c6c322f840bdcd7846ef947ef28e1cd5647af8c10417fe2207fdb3c6daba284705263d136a290517e290063ff
  languageName: node
  linkType: hard

"mpath@npm:0.8.4":
  version: 0.8.4
  resolution: "mpath@npm:0.8.4"
  checksum: 06ad1d443766626fa361b67a4eca9cd4c36a71e475e92e8a5c242dbbc9a911adac00ce971177843b48475356df609f847342548da7701a976a2ab4116135caf0
  languageName: node
  linkType: hard

"mquery@npm:4.0.0":
  version: 4.0.0
  resolution: "mquery@npm:4.0.0"
  dependencies:
    debug: 4.x
    regexp-clone: ^1.0.0
    sliced: 1.0.1
  checksum: bfa776dfe67bb821a8199e02c01e51ca53020c552f3a7a137520e2ce3283b62ba05b50322d173d46f0e04b5eab0e2bdb5003e61019680e267c4776fe866b6306
  languageName: node
  linkType: hard

"ms@npm:2.1.2":
  version: 2.1.2
  resolution: "ms@npm:2.1.2"
  checksum: 673cdb2c3133eb050c745908d8ce632ed2c02d85640e2edb3ace856a2266a813b30c613569bf3354fdf4ea7d1a1494add3bfa95e2713baa27d0c2c71fc44f58f
  languageName: node
  linkType: hard

"nanoid@npm:^3.1.30":
  version: 3.1.30
  resolution: "nanoid@npm:3.1.30"
  bin:
    nanoid: bin/nanoid.cjs
  checksum: 276d0d4b0c41c46aeefec5f09f093e4085a2352d06881c845db22b84f8ef72cc8defae6d76bfb1d8a2a128eb2dec42ab148d16582be4e7754c97905806ef57b6
  languageName: node
  linkType: hard

"pino-std-serializers@npm:^3.1.0":
  version: 3.2.0
  resolution: "pino-std-serializers@npm:3.2.0"
  checksum: 77e29675b116e42ae9fe6d4ef52ef3a082ffc54922b122d85935f93ddcc20277f0b0c873c5c6c5274a67b0409c672aaae3de6bcea10a2d84699718dda55ba95b
  languageName: node
  linkType: hard

"pino@npm:^6.13.0":
  version: 6.13.3
  resolution: "pino@npm:6.13.3"
  dependencies:
    fast-redact: ^3.0.0
    fast-safe-stringify: ^2.0.8
    fastify-warning: ^0.2.0
    flatstr: ^1.0.12
    pino-std-serializers: ^3.1.0
    quick-format-unescaped: ^4.0.3
    sonic-boom: ^1.0.2
  bin:
    pino: bin.js
  checksum: a580decd47a1c8b32a846ba1cb478087b523636d697bd4c57833d10b3f2b35c7d06739715ad9a291b41caf002b8d1bbf98674bfb3e99989fd41b7d934cca861c
  languageName: node
  linkType: hard

"proxy-addr@npm:^2.0.7":
  version: 2.0.7
  resolution: "proxy-addr@npm:2.0.7"
  dependencies:
    forwarded: 0.2.0
    ipaddr.js: 1.9.1
  checksum: 29c6990ce9364648255454842f06f8c46fcd124d3e6d7c5066df44662de63cdc0bad032e9bf5a3d653ff72141cc7b6019873d685708ac8210c30458ad99f2b74
  languageName: node
  linkType: hard

"punycode@npm:^2.1.0, punycode@npm:^2.1.1":
  version: 2.1.1
  resolution: "punycode@npm:2.1.1"
  checksum: 823bf443c6dd14f669984dea25757b37993f67e8d94698996064035edd43bed8a5a17a9f12e439c2b35df1078c6bec05a6c86e336209eb1061e8025c481168e8
  languageName: node
  linkType: hard

"queue-microtask@npm:^1.1.2":
  version: 1.2.3
  resolution: "queue-microtask@npm:1.2.3"
  checksum: b676f8c040cdc5b12723ad2f91414d267605b26419d5c821ff03befa817ddd10e238d22b25d604920340fd73efd8ba795465a0377c4adf45a4a41e4234e42dc4
  languageName: node
  linkType: hard

"quick-format-unescaped@npm:^4.0.3":
  version: 4.0.4
  resolution: "quick-format-unescaped@npm:4.0.4"
  checksum: 7bc32b99354a1aa46c089d2a82b63489961002bb1d654cee3e6d2d8778197b68c2d854fd23d8422436ee1fdfd0abaddc4d4da120afe700ade68bd357815b26fd
  languageName: node
  linkType: hard

"reflect-metadata@npm:0.1.13, reflect-metadata@npm:^0.1.13":
  version: 0.1.13
  resolution: "reflect-metadata@npm:0.1.13"
  checksum: 798d379a7b6f6455501145419505c97dd11cbc23857a386add2b9ef15963ccf15a48d9d15507afe01d4cd74116df8a213247200bac00320bd7c11ddeaa5e8fb4
  languageName: node
  linkType: hard

"regexp-clone@npm:1.0.0, regexp-clone@npm:^1.0.0":
  version: 1.0.0
  resolution: "regexp-clone@npm:1.0.0"
  checksum: ca4960bbdc4237c84813b12aed351606be7db60a8c8867ef46b44f00eec4e83f51b31de34e294900517db9d7a39636117af80916f6ce7dc45ea00cae3c6d6fc3
  languageName: node
  linkType: hard

"require-from-string@npm:^2.0.2":
  version: 2.0.2
  resolution: "require-from-string@npm:2.0.2"
  checksum: a03ef6895445f33a4015300c426699bc66b2b044ba7b670aa238610381b56d3f07c686251740d575e22f4c87531ba662d06937508f0f3c0f1ddc04db3130560b
  languageName: node
  linkType: hard

"ret@npm:~0.2.0":
  version: 0.2.2
  resolution: "ret@npm:0.2.2"
  checksum: 774964bb413a3525e687bca92d81c1cd75555ec33147c32ecca22f3d06409e35df87952cfe3d57afff7650a0f7e42139cf60cb44e94c29dde390243bc1941f16
  languageName: node
  linkType: hard

"reusify@npm:^1.0.4":
  version: 1.0.4
  resolution: "reusify@npm:1.0.4"
  checksum: c3076ebcc22a6bc252cb0b9c77561795256c22b757f40c0d8110b1300723f15ec0fc8685e8d4ea6d7666f36c79ccc793b1939c748bf36f18f542744a4e379fcc
  languageName: node
  linkType: hard

"rfdc@npm:^1.1.4, rfdc@npm:^1.2.0":
  version: 1.3.0
  resolution: "rfdc@npm:1.3.0"
  checksum: fb2ba8512e43519983b4c61bd3fa77c0f410eff6bae68b08614437bc3f35f91362215f7b4a73cbda6f67330b5746ce07db5dd9850ad3edc91271ad6deea0df32
  languageName: node
  linkType: hard

"safe-regex2@npm:^2.0.0":
  version: 2.0.0
  resolution: "safe-regex2@npm:2.0.0"
  dependencies:
    ret: ~0.2.0
  checksum: f5e182fca040dedd50ae052ea0eb035d9903b2db71243d5d8b43299735857288ef2ab52546a368d9c6fd1333b2a0d039297925e78ffc14845354f3f6158af7c2
  languageName: node
  linkType: hard

"saslprep@npm:^1.0.3":
  version: 1.0.3
  resolution: "saslprep@npm:1.0.3"
  dependencies:
    sparse-bitfield: ^3.0.3
  checksum: 4fdc0b70fb5e523f977de405e12cca111f1f10dd68a0cfae0ca52c1a7919a94d1556598ba2d35f447655c3b32879846c77f9274c90806f6673248ae3cea6ee43
  languageName: node
  linkType: hard

"secure-json-parse@npm:^2.0.0":
  version: 2.4.0
  resolution: "secure-json-parse@npm:2.4.0"
  checksum: efaafcaa08a4646ca829b29168474f57fb289a0ca7a1d77b66b55a0292785bc6eb9143b21cfc50b37dd12a823c25b12aa1771f18314ed5a616a1f8f12a318533
  languageName: node
  linkType: hard

"semver-store@npm:^0.3.0":
  version: 0.3.0
  resolution: "semver-store@npm:0.3.0"
  checksum: b38f747123e850191526a912657c653c7e5963d164a8daf99e52aa30bc8c5bdac176dc6dab714e17a1a8489ac138c18ff7161b1961f1882888bce637990442dd
  languageName: node
  linkType: hard

"semver@npm:^7.3.2":
  version: 7.3.5
  resolution: "semver@npm:7.3.5"
  dependencies:
    lru-cache: ^6.0.0
  bin:
    semver: bin/semver.js
  checksum: 5eafe6102bea2a7439897c1856362e31cc348ccf96efd455c8b5bc2c61e6f7e7b8250dc26b8828c1d76a56f818a7ee907a36ae9fb37a599d3d24609207001d60
  languageName: node
  linkType: hard

"set-cookie-parser@npm:^2.4.1":
  version: 2.4.8
  resolution: "set-cookie-parser@npm:2.4.8"
  checksum: e15b5df9a56ab06d4895286033a6aff7b318ad024310df058b5821b3539cc06f716ef529618cac0dd78df40e37830de715f388c0f97f84062dd9be2326efcd0c
  languageName: node
  linkType: hard

"sift@npm:13.5.2":
  version: 13.5.2
  resolution: "sift@npm:13.5.2"
  checksum: 31951836c464b995b25f888876dea9c58c7a3eaa419d2ed271776d55db2d1019c6438ee458047d3c16bc93f0a329366dc535dc3a6afc42038949dc2a6a548f61
  languageName: node
  linkType: hard

"sliced@npm:1.0.1":
  version: 1.0.1
  resolution: "sliced@npm:1.0.1"
  checksum: 84528d23279985ead75809eeec5d601b0fb6bc28348c6627f4feb40747533a1e36a75e8bc60f9079528079b21c434890b397e8fc5c24a649165cc0bbe90b4d70
  languageName: node
  linkType: hard

"sonic-boom@npm:^1.0.2":
  version: 1.4.1
  resolution: "sonic-boom@npm:1.4.1"
  dependencies:
    atomic-sleep: ^1.0.0
    flatstr: ^1.0.12
  checksum: 189fa8fe5c2dc05d3513fc1a4926a2f16f132fa6fa0b511745a436010cdcd9c1d3b3cb6a9d7c05bd32a965dc77673a5ac0eb0992e920bdedd16330d95323124f
  languageName: node
  linkType: hard

"source-map-support@npm:^0.5.21":
  version: 0.5.21
  resolution: "source-map-support@npm:0.5.21"
  dependencies:
    buffer-from: ^1.0.0
    source-map: ^0.6.0
  checksum: 43e98d700d79af1d36f859bdb7318e601dfc918c7ba2e98456118ebc4c4872b327773e5a1df09b0524e9e5063bb18f0934538eace60cca2710d1fa687645d137
  languageName: node
  linkType: hard

"source-map@npm:^0.6.0":
  version: 0.6.1
  resolution: "source-map@npm:0.6.1"
  checksum: 59ce8640cf3f3124f64ac289012c2b8bd377c238e316fb323ea22fbfe83da07d81e000071d7242cad7a23cd91c7de98e4df8830ec3f133cb6133a5f6e9f67bc2
  languageName: node
  linkType: hard

"sparse-bitfield@npm:^3.0.3":
  version: 3.0.3
  resolution: "sparse-bitfield@npm:3.0.3"
  dependencies:
    memory-pager: ^1.0.2
  checksum: 174da88dbbcc783d5dbd26921931cc83830280b8055fb05333786ebe6fc015b9601b24972b3d55920dd2d9f5fb120576fbfa2469b08e5222c9cadf3f05210aab
  languageName: node
  linkType: hard

"string-similarity@npm:^4.0.1":
  version: 4.0.4
  resolution: "string-similarity@npm:4.0.4"
  checksum: 797b41b24e1eb6b3b0ab896950b58c295a19a82933479c75f7b5279ffb63e0b456a8c8d10329c02f607ca1a50370e961e83d552aa468ff3b0fa15809abc9eff7
  languageName: node
  linkType: hard

"tiny-lru@npm:^7.0.0":
  version: 7.0.6
  resolution: "tiny-lru@npm:7.0.6"
  checksum: 36a786a9111a3a358a698c9404783ad3f5396f6ed891672ffa4cd7dec4617abb8dfed6af7611bbaf8a3942a9475534c8b80f9bd58d7efa9aa594f395c9805f09
  languageName: node
  linkType: hard

"tr46@npm:^3.0.0":
  version: 3.0.0
  resolution: "tr46@npm:3.0.0"
  dependencies:
    punycode: ^2.1.1
  checksum: 44c3cc6767fb800490e6e9fd64fd49041aa4e49e1f6a012b34a75de739cc9ed3a6405296072c1df8b6389ae139c5e7c6496f659cfe13a04a4bff3a1422981270
  languageName: node
  linkType: hard

"tslib@npm:2.3.1":
  version: 2.3.1
  resolution: "tslib@npm:2.3.1"
  checksum: de17a98d4614481f7fcb5cd53ffc1aaf8654313be0291e1bfaee4b4bb31a20494b7d218ff2e15017883e8ea9626599b3b0e0229c18383ba9dce89da2adf15cb9
  languageName: node
  linkType: hard

"tslog@npm:^3.3.0":
  version: 3.3.0
  resolution: "tslog@npm:3.3.0"
  dependencies:
    source-map-support: ^0.5.21
  checksum: c94bb075e953ccace19370012ac1183ebb54b361286128ea30c4ed1cb1488b3c85e48a4067f1bd1fad18c107ecd346995f75fff2e424e09b07c5e804c1022576
  languageName: node
  linkType: hard

"typescript@npm:4.4.4":
  version: 4.4.4
  resolution: "typescript@npm:4.4.4"
  bin:
    tsc: bin/tsc
    tsserver: bin/tsserver
  checksum: 89ecb8436bb48ef5594d49289f5f89103071716b6e4844278f4fb3362856e31203e187a9c76d205c3f0b674d221a058fd28310dbcbcf5d95e9a57229bb5203f1
  languageName: node
  linkType: hard

"typescript@npm:4.5.2":
  version: 4.5.2
  resolution: "typescript@npm:4.5.2"
  bin:
    tsc: bin/tsc
    tsserver: bin/tsserver
  checksum: 74f9ce65d532bdf5d0214b3f60cf37992180023388c87a11ee6f838a803067ef0b63c600fa501b0deb07f989257dce1e244c9635ed79feca40bbccf6e0aa1ebc
  languageName: node
  linkType: hard

"typescript@patch:typescript@4.4.4#~builtin<compat/typescript>":
  version: 4.4.4
  resolution: "typescript@patch:typescript@npm%3A4.4.4#~builtin<compat/typescript>::version=4.4.4&hash=ddd1e8"
  bin:
    tsc: bin/tsc
    tsserver: bin/tsserver
  checksum: bd629ad0da4a15d79aaad56baf3ee7d96f6a181760d430ae77f8c5325df7bffd9edee57544a3970e3651e8b796fe03a5838a7eb39c6d46cc3866c0b23d36a0dd
  languageName: node
  linkType: hard

"typescript@patch:typescript@4.5.2#~builtin<compat/typescript>":
  version: 4.5.2
  resolution: "typescript@patch:typescript@npm%3A4.5.2#~builtin<compat/typescript>::version=4.5.2&hash=ddd1e8"
  bin:
    tsc: bin/tsc
    tsserver: bin/tsserver
  checksum: 24a439e062a05e3285a4f0e8a40644116ecdca89f3e908bed01e5a01b9aee747e3bcf0e85fe9e017e5ebf0c0863437c39479f2616f55a244c2d82d37022cdc4f
  languageName: node
  linkType: hard

"uri-js@npm:^4.2.2":
  version: 4.4.1
  resolution: "uri-js@npm:4.4.1"
  dependencies:
    punycode: ^2.1.0
  checksum: 7167432de6817fe8e9e0c9684f1d2de2bb688c94388f7569f7dbdb1587c9f4ca2a77962f134ec90be0cc4d004c939ff0d05acc9f34a0db39a3c797dada262633
  languageName: node
  linkType: hard

"webidl-conversions@npm:^7.0.0":
  version: 7.0.0
  resolution: "webidl-conversions@npm:7.0.0"
  checksum: f05588567a2a76428515333eff87200fae6c83c3948a7482ebb109562971e77ef6dc49749afa58abb993391227c5697b3ecca52018793e0cb4620a48f10bd21b
  languageName: node
  linkType: hard

"whatwg-url@npm:^11.0.0":
  version: 11.0.0
  resolution: "whatwg-url@npm:11.0.0"
  dependencies:
    tr46: ^3.0.0
    webidl-conversions: ^7.0.0
  checksum: ed4826aaa57e66bb3488a4b25c9cd476c46ba96052747388b5801f137dd740b73fde91ad207d96baf9f17fbcc80fc1a477ad65181b5eb5fa718d27c69501d7af
  languageName: node
  linkType: hard

"yallist@npm:^4.0.0":
  version: 4.0.0
  resolution: "yallist@npm:4.0.0"
  checksum: 343617202af32df2a15a3be36a5a8c0c8545208f3d3dfbc6bb7c3e3b7e8c6f8e7485432e4f3b88da3031a6e20afa7c711eded32ddfb122896ac5d914e75848d5
  languageName: node
  linkType: hard

"yargs-parser@npm:^20.2.7":
  version: 20.2.9
  resolution: "yargs-parser@npm:20.2.9"
  checksum: 8bb69015f2b0ff9e17b2c8e6bfe224ab463dd00ca211eece72a4cd8a906224d2703fb8a326d36fdd0e68701e201b2a60ed7cf81ce0fd9b3799f9fe7745977ae3
  languageName: node
  linkType: hard
